<?xml version="1.0" encoding="utf-8"?>
<Project ToolsVersion="4.0" xmlns="http://schemas.microsoft.com/developer/msbuild/2003">
  <ItemGroup>
    <Filter Include="Source Files">
      <UniqueIdentifier>{4FC737F1-C7A5-4376-A066-2A32D752A2FF}</UniqueIdentifier>
      <Extensions>cpp;c;cc;cxx;c++;cppm;ixx;def;odl;idl;hpj;bat;asm;asmx</Extensions>
    </Filter>
    <Filter Include="Header Files">
      <UniqueIdentifier>{93995380-89BD-4b04-88EB-625FBE52EBFB}</UniqueIdentifier>
      <Extensions>h;hh;hpp;hxx;h++;hm;inl;inc;ipp;xsd</Extensions>
    </Filter>
    <Filter Include="Resource Files">
      <UniqueIdentifier>{67DA6AB6-F800-4c08-8B7A-83BB121AAD01}</UniqueIdentifier>
      <Extensions>rc;ico;cur;bmp;dlg;rc2;rct;bin;rgs;gif;jpg;jpeg;jpe;resx;tiff;tif;png;wav;mfcribbon-ms</Extensions>
    </Filter>
  </ItemGroup>
  <ItemGroup>
    <ClCompile Include="main.cpp">
      <Filter>Source Files</Filter>
    </ClCompile>
    <ClCompile Include="pch.cpp">
      <Filter>Source Files</Filter>
    </ClCompile>
    <ClCompile Include="src\engine\datatypes\UICommands.hpp">
      <Filter>Source Files</Filter>
    </ClCompile>
    <ClCompile Include="src\engine\ServiceLocator.hpp">
      <Filter>Header Files</Filter>
    </ClCompile>
    <ClCompile Include="src\engine\WindowManager.cpp">
      <Filter>Source Files</Filter>
    </ClCompile>
    <ClCompile Include="src\game\Game.hpp">
      <Filter>Header Files</Filter>
    </ClCompile>
    <ClCompile Include="src\game\views\StartMenuView.cpp">
      <Filter>Source Files</Filter>
    </ClCompile>
    <ClCompile Include="src\game\views\StartMenuView.hpp">
      <Filter>Header Files</Filter>
    </ClCompile>
    <ClCompile Include="src\game\logic\GameSimulation.cpp">
      <Filter>Source Files</Filter>
    </ClCompile>
    <ClCompile Include="src\game\Game.cpp">
      <Filter>Source Files</Filter>
    </ClCompile>
    <ClCompile Include="src\game\logic\stages\RoundEndStage.hpp">
      <Filter>Source Files</Filter>
    </ClCompile>
    <ClCompile Include="src\engine\AssetManager.cpp">
      <Filter>Source Files</Filter>
    </ClCompile>
    <ClCompile Include="src\game\assets.cpp">
      <Filter>Source Files</Filter>
    </ClCompile>
    <ClCompile Include="src\engine\ui\button.cpp">
      <Filter>Source Files</Filter>
    </ClCompile>
    <ClCompile Include="src\engine\rendering\SpImage.hpp">
      <Filter>Source Files</Filter>
    </ClCompile>
    <ClCompile Include="src\engine\ui\geom.cpp">
      <Filter>Source Files</Filter>
    </ClCompile>
    <ClCompile Include="src\utils\string.cpp">
      <Filter>Source Files</Filter>
    </ClCompile>
    <ClCompile Include="src\game\views\DungeonView.cpp">
      <Filter>Source Files</Filter>
    </ClCompile>
    <ClCompile Include="src\game\views\HudView.cpp">
      <Filter>Source Files</Filter>
    </ClCompile>
    <ClCompile Include="src\engine\ui\text.cpp">
      <Filter>Source Files</Filter>
    </ClCompile>
  </ItemGroup>
  <ItemGroup>
    <None Include="pch.h" />
  </ItemGroup>
  <ItemGroup>
    <ClInclude Include="src\utils\logging.hpp">
      <Filter>Header Files</Filter>
    </ClInclude>
    <ClInclude Include="src\engine\WindowManager.hpp">
      <Filter>Header Files</Filter>
    </ClInclude>
    <ClInclude Include="src\engine\datatypes\IView.hpp">
      <Filter>Header Files</Filter>
    </ClInclude>
    <ClInclude Include="src\engine\ThreadSafeQueue.hpp">
      <Filter>Header Files</Filter>
    </ClInclude>
    <ClInclude Include="src\game\constants.hpp">
      <Filter>Header Files</Filter>
    </ClInclude>
    <ClInclude Include="resource.h">
      <Filter>Header Files</Filter>
    </ClInclude>
    <ClInclude Include="src\game\logic\GameSimulation.hpp">
      <Filter>Header Files</Filter>
    </ClInclude>
    <ClInclude Include="src\engine\datatypes\LogicCommands.hpp">
      <Filter>Header Files</Filter>
    </ClInclude>
    <ClInclude Include="src\engine\datatypes\IGameStage.hpp">
      <Filter>Header Files</Filter>
    </ClInclude>
    <ClInclude Include="src\game\logic\StageFactory.hpp">
      <Filter>Header Files</Filter>
    </ClInclude>
    <ClInclude Include="src\game\logic\stages\DragonStage.hpp">
      <Filter>Header Files</Filter>
    </ClInclude>
    <ClInclude Include="src\game\logic\stages\AdventurerStage.hpp">
      <Filter>Header Files</Filter>
    </ClInclude>
    <ClInclude Include="src\engine\AssetManager.hpp">
      <Filter>Header Files</Filter>
    </ClInclude>
    <ClInclude Include="src\game\assets.hpp">
      <Filter>Header Files</Filter>
    </ClInclude>
    <ClInclude Include="src\engine\ui\button.hpp">
      <Filter>Header Files</Filter>
    </ClInclude>
    <ClInclude Include="src\engine\ui\base.hpp">
      <Filter>Header Files</Filter>
    </ClInclude>
    <ClInclude Include="src\engine\ui\includes.hpp">
      <Filter>Header Files</Filter>
    </ClInclude>
    <ClInclude Include="src\engine\ui\geom.hpp">
      <Filter>Header Files</Filter>
    </ClInclude>
    <ClInclude Include="src\utils\string.hpp">
      <Filter>Header Files</Filter>
    </ClInclude>
    <ClInclude Include="src\game\views\DungeonView.hpp">
      <Filter>Header Files</Filter>
    </ClInclude>
    <ClInclude Include="src\game\views\HudView.hpp">
      <Filter>Header Files</Filter>
    </ClInclude>
    <ClInclude Include="src\engine\ui\text.hpp">
      <Filter>Header Files</Filter>
    </ClInclude>
  </ItemGroup>
  <ItemGroup>
    <ResourceCompile Include="wall_is_you.rc">
      <Filter>Resource Files</Filter>
    </ResourceCompile>
  </ItemGroup>
  <ItemGroup>
    <Image Include="assets\game_icon.ico">
      <Filter>Resource Files</Filter>
    </Image>
  </ItemGroup>
</Project>